dependencies:
- name: kube-prometheus-stack
  repository: https://prometheus-community.github.io/helm-charts
  version: 45.18.0
- name: metrics-server
  repository: https://kubernetes-sigs.github.io/metrics-server/
  version: 3.10.0
- name: grafana
  repository: https://grafana.github.io/helm-charts
  version: 6.57.4
- name: loki
  repository: https://grafana.github.io/helm-charts
  version: 5.8.9
- name: promtail
  repository: https://grafana.github.io/helm-charts
  version: 6.11.5
- name: prometheus-blackbox-exporter
  repository: https://prometheus-community.github.io/helm-charts
  version: 7.12.0
digest: sha256:ec9fbb257da118c6bc230f4368c6725425fddaf36f00926bc8807666b09df720
generated: "2023-07-10T12:46:00.364573797+02:00"
