dependencies:
- name: metrics-server
  repository: https://kubernetes-sigs.github.io/metrics-server/
  version: 3.8.4
- name: kube-prometheus-stack
  repository: https://prometheus-community.github.io/helm-charts
  version: 45.18.0
- name: grafana
  repository: https://grafana.github.io/helm-charts
  version: 6.54.0
- name: loki
  repository: https://grafana.github.io/helm-charts
  version: 5.0.0
- name: prometheus-blackbox-exporter
  repository: https://prometheus-community.github.io/helm-charts
  version: 7.7.0
digest: sha256:894009659f2cb66d876f68f62cca0896e8c1f1d717a4d333bb448a85d203c553
generated: "2023-04-24T13:55:09.961299127+02:00"
